// !$*UTF8*$!
{
	archiveVersion = 1;
	classes = {
	};
	objectVersion = 50;
	objects = {

/* Begin PBXBuildFile section */
		64E07BAB250DA14400C9C964 /* AppDelegate.swift in Sources */ = {isa = PBXBuildFile; fileRef = 64E07BAA250DA14400C9C964 /* AppDelegate.swift */; };
		64E07BAD250DA14400C9C964 /* SceneDelegate.swift in Sources */ = {isa = PBXBuildFile; fileRef = 64E07BAC250DA14400C9C964 /* SceneDelegate.swift */; };
		64E07BB1250DA14600C9C964 /* Assets.xcassets in Resources */ = {isa = PBXBuildFile; fileRef = 64E07BB0250DA14600C9C964 /* Assets.xcassets */; };
		64E07BB4250DA14600C9C964 /* Preview Assets.xcassets in Resources */ = {isa = PBXBuildFile; fileRef = 64E07BB3250DA14600C9C964 /* Preview Assets.xcassets */; };
		64E07BB7250DA14600C9C964 /* LaunchScreen.storyboard in Resources */ = {isa = PBXBuildFile; fileRef = 64E07BB5250DA14600C9C964 /* LaunchScreen.storyboard */; };
		64E07BC0250DA18900C9C964 /* ContentView.swift in Sources */ = {isa = PBXBuildFile; fileRef = 64E07BBF250DA18900C9C964 /* ContentView.swift */; };
		64E07BC2250DA19C00C9C964 /* WelcomeView.swift in Sources */ = {isa = PBXBuildFile; fileRef = 64E07BC1250DA19C00C9C964 /* WelcomeView.swift */; };
		64E07BC4250DA1AF00C9C964 /* BackgroundView.swift in Sources */ = {isa = PBXBuildFile; fileRef = 64E07BC3250DA1AF00C9C964 /* BackgroundView.swift */; };
		64E07BC6250DA1B900C9C964 /* WaveShape.swift in Sources */ = {isa = PBXBuildFile; fileRef = 64E07BC5250DA1B900C9C964 /* WaveShape.swift */; };
		64E07BC8250DA1EE00C9C964 /* CustomNavigationView.swift in Sources */ = {isa = PBXBuildFile; fileRef = 64E07BC7250DA1EE00C9C964 /* CustomNavigationView.swift */; };
		64E07BCA250DA1FA00C9C964 /* HaveAnAccountView.swift in Sources */ = {isa = PBXBuildFile; fileRef = 64E07BC9250DA1FA00C9C964 /* HaveAnAccountView.swift */; };
		64E07BCC250DA31500C9C964 /* README.md in Resources */ = {isa = PBXBuildFile; fileRef = 64E07BCB250DA31500C9C964 /* README.md */; };
		64E7E4FB250EC3150052064E /* RegisterView.swift in Sources */ = {isa = PBXBuildFile; fileRef = 64E7E4FA250EC3150052064E /* RegisterView.swift */; };
		64E7E4FD250EC3270052064E /* LoginSocialView.swift in Sources */ = {isa = PBXBuildFile; fileRef = 64E7E4FC250EC3260052064E /* LoginSocialView.swift */; };
/* End PBXBuildFile section */

/* Begin PBXFileReference section */
		64E07BA7250DA14400C9C964 /* DailyUIDay1RegForm.app */ = {isa = PBXFileReference; explicitFileType = wrapper.application; includeInIndex = 0; path = DailyUIDay1RegForm.app; sourceTree = BUILT_PRODUCTS_DIR; };
		64E07BAA250DA14400C9C964 /* AppDelegate.swift */ = {isa = PBXFileReference; lastKnownFileType = sourcecode.swift; path = AppDelegate.swift; sourceTree = "<group>"; };
		64E07BAC250DA14400C9C964 /* SceneDelegate.swift */ = {isa = PBXFileReference; lastKnownFileType = sourcecode.swift; path = SceneDelegate.swift; sourceTree = "<group>"; };
		64E07BB0250DA14600C9C964 /* Assets.xcassets */ = {isa = PBXFileReference; lastKnownFileType = folder.assetcatalog; path = Assets.xcassets; sourceTree = "<group>"; };
		64E07BB3250DA14600C9C964 /* Preview Assets.xcassets */ = {isa = PBXFileReference; lastKnownFileType = folder.assetcatalog; path = "Preview Assets.xcassets"; sourceTree = "<group>"; };
		64E07BB6250DA14600C9C964 /* Base */ = {isa = PBXFileReference; lastKnownFileType = file.storyboard; name = Base; path = Base.lproj/LaunchScreen.storyboard; sourceTree = "<group>"; };
		64E07BB8250DA14600C9C964 /* Info.plist */ = {isa = PBXFileReference; lastKnownFileType = text.plist.xml; path = Info.plist; sourceTree = "<group>"; };
		64E07BBF250DA18900C9C964 /* ContentView.swift */ = {isa = PBXFileReference; fileEncoding = 4; lastKnownFileType = sourcecode.swift; path = ContentView.swift; sourceTree = "<group>"; };
		64E07BC1250DA19C00C9C964 /* WelcomeView.swift */ = {isa = PBXFileReference; fileEncoding = 4; lastKnownFileType = sourcecode.swift; path = WelcomeView.swift; sourceTree = "<group>"; };
		64E07BC3250DA1AF00C9C964 /* BackgroundView.swift */ = {isa = PBXFileReference; fileEncoding = 4; lastKnownFileType = sourcecode.swift; path = BackgroundView.swift; sourceTree = "<group>"; };
		64E07BC5250DA1B900C9C964 /* WaveShape.swift */ = {isa = PBXFileReference; fileEncoding = 4; lastKnownFileType = sourcecode.swift; path = WaveShape.swift; sourceTree = "<group>"; };
		64E07BC7250DA1EE00C9C964 /* CustomNavigationView.swift */ = {isa = PBXFileReference; fileEncoding = 4; lastKnownFileType = sourcecode.swift; path = CustomNavigationView.swift; sourceTree = "<group>"; };
		64E07BC9250DA1FA00C9C964 /* HaveAnAccountView.swift */ = {isa = PBXFileReference; fileEncoding = 4; lastKnownFileType = sourcecode.swift; path = HaveAnAccountView.swift; sourceTree = "<group>"; };
		64E07BCB250DA31500C9C964 /* README.md */ = {isa = PBXFileReference; fileEncoding = 4; lastKnownFileType = net.daringfireball.markdown; path = README.md; sourceTree = "<group>"; };
		64E7E4FA250EC3150052064E /* RegisterView.swift */ = {isa = PBXFileReference; fileEncoding = 4; lastKnownFileType = sourcecode.swift; path = RegisterView.swift; sourceTree = "<group>"; };
		64E7E4FC250EC3260052064E /* LoginSocialView.swift */ = {isa = PBXFileReference; fileEncoding = 4; lastKnownFileType = sourcecode.swift; path = LoginSocialView.swift; sourceTree = "<group>"; };
/* End PBXFileReference section */

/* Begin PBXFrameworksBuildPhase section */
		64E07BA4250DA14400C9C964 /* Frameworks */ = {
			isa = PBXFrameworksBuildPhase;
			buildActionMask = 2147483647;
			files = (
			);
			runOnlyForDeploymentPostprocessing = 0;
		};
/* End PBXFrameworksBuildPhase section */

/* Begin PBXGroup section */
		64E07B9E250DA14400C9C964 = {
			isa = PBXGroup;
			children = (
				64E07BCB250DA31500C9C964 /* README.md */,
				64E07BA9250DA14400C9C964 /* DailyUIDay1RegForm */,
				64E07BA8250DA14400C9C964 /* Products */,
			);
			sourceTree = "<group>";
		};
		64E07BA8250DA14400C9C964 /* Products */ = {
			isa = PBXGroup;
			children = (
				64E07BA7250DA14400C9C964 /* DailyUIDay1RegForm.app */,
			);
			name = Products;
			sourceTree = "<group>";
		};
		64E07BA9250DA14400C9C964 /* DailyUIDay1RegForm */ = {
			isa = PBXGroup;
			children = (
				64E07BBE250DA14F00C9C964 /* Views */,
				64E07BAA250DA14400C9C964 /* AppDelegate.swift */,
				64E07BAC250DA14400C9C964 /* SceneDelegate.swift */,
				64E07BBF250DA18900C9C964 /* ContentView.swift */,
				64E07BB0250DA14600C9C964 /* Assets.xcassets */,
				64E07BB5250DA14600C9C964 /* LaunchScreen.storyboard */,
				64E07BB8250DA14600C9C964 /* Info.plist */,
				64E07BB2250DA14600C9C964 /* Preview Content */,
			);
			path = DailyUIDay1RegForm;
			sourceTree = "<group>";
		};
		64E07BB2250DA14600C9C964 /* Preview Content */ = {
			isa = PBXGroup;
			children = (
				64E07BB3250DA14600C9C964 /* Preview Assets.xcassets */,
			);
			path = "Preview Content";
			sourceTree = "<group>";
		};
		64E07BBE250DA14F00C9C964 /* Views */ = {
			isa = PBXGroup;
			children = (
				64E7E4FA250EC3150052064E /* RegisterView.swift */,
				64E7E4FC250EC3260052064E /* LoginSocialView.swift */,
				64E07BC1250DA19C00C9C964 /* WelcomeView.swift */,
				64E07BC9250DA1FA00C9C964 /* HaveAnAccountView.swift */,
				64E07BC7250DA1EE00C9C964 /* CustomNavigationView.swift */,
				64E07BC3250DA1AF00C9C964 /* BackgroundView.swift */,
				64E07BC5250DA1B900C9C964 /* WaveShape.swift */,
			);
			path = Views;
			sourceTree = "<group>";
		};
/* End PBXGroup section */

/* Begin PBXNativeTarget section */
		64E07BA6250DA14400C9C964 /* DailyUIDay1RegForm */ = {
			isa = PBXNativeTarget;
			buildConfigurationList = 64E07BBB250DA14600C9C964 /* Build configuration list for PBXNativeTarget "DailyUIDay1RegForm" */;
			buildPhases = (
				64E07BA3250DA14400C9C964 /* Sources */,
				64E07BA4250DA14400C9C964 /* Frameworks */,
				64E07BA5250DA14400C9C964 /* Resources */,
			);
			buildRules = (
			);
			dependencies = (
			);
			name = DailyUIDay1RegForm;
			productName = DailyUIDay1RegForm;
			productReference = 64E07BA7250DA14400C9C964 /* DailyUIDay1RegForm.app */;
			productType = "com.apple.product-type.application";
		};
/* End PBXNativeTarget section */

/* Begin PBXProject section */
		64E07B9F250DA14400C9C964 /* Project object */ = {
			isa = PBXProject;
			attributes = {
				LastSwiftUpdateCheck = 1200;
				LastUpgradeCheck = 1200;
				TargetAttributes = {
					64E07BA6250DA14400C9C964 = {
						CreatedOnToolsVersion = 12.0;
					};
				};
			};
			buildConfigurationList = 64E07BA2250DA14400C9C964 /* Build configuration list for PBXProject "DailyUIDay1RegForm" */;
			compatibilityVersion = "Xcode 9.3";
			developmentRegion = en;
			hasScannedForEncodings = 0;
			knownRegions = (
				en,
				Base,
			);
			mainGroup = 64E07B9E250DA14400C9C964;
			productRefGroup = 64E07BA8250DA14400C9C964 /* Products */;
			projectDirPath = "";
			projectRoot = "";
			targets = (
				64E07BA6250DA14400C9C964 /* DailyUIDay1RegForm */,
			);
		};
/* End PBXProject section */

/* Begin PBXResourcesBuildPhase section */
		64E07BA5250DA14400C9C964 /* Resources */ = {
			isa = PBXResourcesBuildPhase;
			buildActionMask = 2147483647;
			files = (
				64E07BB7250DA14600C9C964 /* LaunchScreen.storyboard in Resources */,
				64E07BB4250DA14600C9C964 /* Preview Assets.xcassets in Resources */,
				64E07BCC250DA31500C9C964 /* README.md in Resources */,
				64E07BB1250DA14600C9C964 /* Assets.xcassets in Resources */,
			);
			runOnlyForDeploymentPostprocessing = 0;
		};
/* End PBXResourcesBuildPhase section */

/* Begin PBXSourcesBuildPhase section */
		64E07BA3250DA14400C9C964 /* Sources */ = {
			isa = PBXSourcesBuildPhase;
			buildActionMask = 2147483647;
			files = (
				64E7E4FB250EC3150052064E /* RegisterView.swift in Sources */,
				64E07BC4250DA1AF00C9C964 /* BackgroundView.swift in Sources */,
				64E07BAB250DA14400C9C964 /* AppDelegate.swift in Sources */,
				64E7E4FD250EC3270052064E /* LoginSocialView.swift in Sources */,
				64E07BAD250DA14400C9C964 /* SceneDelegate.swift in Sources */,
				64E07BC8250DA1EE00C9C964 /* CustomNavigationView.swift in Sources */,
				64E07BC0250DA18900C9C964 /* ContentView.swift in Sources */,
				64E07BCA250DA1FA00C9C964 /* HaveAnAccountView.swift in Sources */,
				64E07BC6250DA1B900C9C964 /* WaveShape.swift in Sources */,
				64E07BC2250DA19C00C9C964 /* WelcomeView.swift in Sources */,
			);
			runOnlyForDeploymentPostprocessing = 0;
		};
/* End PBXSourcesBuildPhase section */

/* Begin PBXVariantGroup section */
		64E07BB5250DA14600C9C964 /* LaunchScreen.storyboard */ = {
			isa = PBXVariantGroup;
			children = (
				64E07BB6250DA14600C9C964 /* Base */,
			);
			name = LaunchScreen.storyboard;
			sourceTree = "<group>";
		};
/* End PBXVariantGroup section */

/* Begin XCBuildConfiguration section */
		64E07BB9250DA14600C9C964 /* Debug */ = {
			isa = XCBuildConfiguration;
			buildSettings = {
				ALWAYS_SEARCH_USER_PATHS = NO;
				CLANG_ANALYZER_NONNULL = YES;
				CLANG_ANALYZER_NUMBER_OBJECT_CONVERSION = YES_AGGRESSIVE;
				CLANG_CXX_LANGUAGE_STANDARD = "gnu++14";
				CLANG_CXX_LIBRARY = "libc++";
				CLANG_ENABLE_MODULES = YES;
				CLANG_ENABLE_OBJC_ARC = YES;
				CLANG_ENABLE_OBJC_WEAK = YES;
				CLANG_WARN_BLOCK_CAPTURE_AUTORELEASING = YES;
				CLANG_WARN_BOOL_CONVERSION = YES;
				CLANG_WARN_COMMA = YES;
				CLANG_WARN_CONSTANT_CONVERSION = YES;
				CLANG_WARN_DEPRECATED_OBJC_IMPLEMENTATIONS = YES;
				CLANG_WARN_DIRECT_OBJC_ISA_USAGE = YES_ERROR;
				CLANG_WARN_DOCUMENTATION_COMMENTS = YES;
				CLANG_WARN_EMPTY_BODY = YES;
				CLANG_WARN_ENUM_CONVERSION = YES;
				CLANG_WARN_INFINITE_RECURSION = YES;
				CLANG_WARN_INT_CONVERSION = YES;
				CLANG_WARN_NON_LITERAL_NULL_CONVERSION = YES;
				CLANG_WARN_OBJC_IMPLICIT_RETAIN_SELF = YES;
				CLANG_WARN_OBJC_LITERAL_CONVERSION = YES;
				CLANG_WARN_OBJC_ROOT_CLASS = YES_ERROR;
				CLANG_WARN_QUOTED_INCLUDE_IN_FRAMEWORK_HEADER = YES;
				CLANG_WARN_RANGE_LOOP_ANALYSIS = YES;
				CLANG_WARN_STRICT_PROTOTYPES = YES;
				CLANG_WARN_SUSPICIOUS_MOVE = YES;
				CLANG_WARN_UNGUARDED_AVAILABILITY = YES_AGGRESSIVE;
				CLANG_WARN_UNREACHABLE_CODE = YES;
				CLANG_WARN__DUPLICATE_METHOD_MATCH = YES;
				COPY_PHASE_STRIP = NO;
				DEBUG_INFORMATION_FORMAT = dwarf;
				ENABLE_STRICT_OBJC_MSGSEND = YES;
				ENABLE_TESTABILITY = YES;
				GCC_C_LANGUAGE_STANDARD = gnu11;
				GCC_DYNAMIC_NO_PIC = NO;
				GCC_NO_COMMON_BLOCKS = YES;
				GCC_OPTIMIZATION_LEVEL = 0;
				GCC_PREPROCESSOR_DEFINITIONS = (
					"DEBUG=1",
					"$(inherited)",
				);
				GCC_WARN_64_TO_32_BIT_CONVERSION = YES;
				GCC_WARN_ABOUT_RETURN_TYPE = YES_ERROR;
				GCC_WARN_UNDECLARED_SELECTOR = YES;
				GCC_WARN_UNINITIALIZED_AUTOS = YES_AGGRESSIVE;
				GCC_WARN_UNUSED_FUNCTION = YES;
				GCC_WARN_UNUSED_VARIABLE = YES;
				IPHONEOS_DEPLOYMENT_TARGET = 14.0;
				MTL_ENABLE_DEBUG_INFO = INCLUDE_SOURCE;
				MTL_FAST_MATH = YES;
				ONLY_ACTIVE_ARCH = YES;
				SDKROOT = iphoneos;
				SWIFT_ACTIVE_COMPILATION_CONDITIONS = DEBUG;
				SWIFT_OPTIMIZATION_LEVEL = "-Onone";
			};
			name = Debug;
		};
		64E07BBA250DA14600C9C964 /* Release */ = {
			isa = XCBuildConfiguration;
			buildSettings = {
				ALWAYS_SEARCH_USER_PATHS = NO;
				CLANG_ANALYZER_NONNULL = YES;
				CLANG_ANALYZER_NUMBER_OBJECT_CONVERSION = YES_AGGRESSIVE;
				CLANG_CXX_LANGUAGE_STANDARD = "gnu++14";
				CLANG_CXX_LIBRARY = "libc++";
				CLANG_ENABLE_MODULES = YES;
				CLANG_ENABLE_OBJC_ARC = YES;
				CLANG_ENABLE_OBJC_WEAK = YES;
				CLANG_WARN_BLOCK_CAPTURE_AUTORELEASING = YES;
				CLANG_WARN_BOOL_CONVERSION = YES;
				CLANG_WARN_COMMA = YES;
				CLANG_WARN_CONSTANT_CONVERSION = YES;
				CLANG_WARN_DEPRECATED_OBJC_IMPLEMENTATIONS = YES;
				CLANG_WARN_DIRECT_OBJC_ISA_USAGE = YES_ERROR;
				CLANG_WARN_DOCUMENTATION_COMMENTS = YES;
				CLANG_WARN_EMPTY_BODY = YES;
				CLANG_WARN_ENUM_CONVERSION = YES;
				CLANG_WARN_INFINITE_RECURSION = YES;
				CLANG_WARN_INT_CONVERSION = YES;
				CLANG_WARN_NON_LITERAL_NULL_CONVERSION = YES;
				CLANG_WARN_OBJC_IMPLICIT_RETAIN_SELF = YES;
				CLANG_WARN_OBJC_LITERAL_CONVERSION = YES;
				CLANG_WARN_OBJC_ROOT_CLASS = YES_ERROR;
				CLANG_WARN_QUOTED_INCLUDE_IN_FRAMEWORK_HEADER = YES;
				CLANG_WARN_RANGE_LOOP_ANALYSIS = YES;
				CLANG_WARN_STRICT_PROTOTYPES = YES;
				CLANG_WARN_SUSPICIOUS_MOVE = YES;
				CLANG_WARN_UNGUARDED_AVAILABILITY = YES_AGGRESSIVE;
				CLANG_WARN_UNREACHABLE_CODE = YES;
				CLANG_WARN__DUPLICATE_METHOD_MATCH = YES;
				COPY_PHASE_STRIP = NO;
				DEBUG_INFORMATION_FORMAT = "dwarf-with-dsym";
				ENABLE_NS_ASSERTIONS = NO;
				ENABLE_STRICT_OBJC_MSGSEND = YES;
				GCC_C_LANGUAGE_STANDARD = gnu11;
				GCC_NO_COMMON_BLOCKS = YES;
				GCC_WARN_64_TO_32_BIT_CONVERSION = YES;
				GCC_WARN_ABOUT_RETURN_TYPE = YES_ERROR;
				GCC_WARN_UNDECLARED_SELECTOR = YES;
				GCC_WARN_UNINITIALIZED_AUTOS = YES_AGGRESSIVE;
				GCC_WARN_UNUSED_FUNCTION = YES;
				GCC_WARN_UNUSED_VARIABLE = YES;
				IPHONEOS_DEPLOYMENT_TARGET = 14.0;
				MTL_ENABLE_DEBUG_INFO = NO;
				MTL_FAST_MATH = YES;
				SDKROOT = iphoneos;
				SWIFT_COMPILATION_MODE = wholemodule;
				SWIFT_OPTIMIZATION_LEVEL = "-O";
				VALIDATE_PRODUCT = YES;
			};
			name = Release;
		};
		64E07BBC250DA14600C9C964 /* Debug */ = {
			isa = XCBuildConfiguration;
			buildSettings = {
				ASSETCATALOG_COMPILER_APPICON_NAME = AppIcon;
				ASSETCATALOG_COMPILER_GLOBAL_ACCENT_COLOR_NAME = AccentColor;
				CODE_SIGN_STYLE = Automatic;
				DEVELOPMENT_ASSET_PATHS = "\"DailyUIDay1RegForm/Preview Content\"";
				ENABLE_PREVIEWS = YES;
				INFOPLIST_FILE = DailyUIDay1RegForm/Info.plist;
				IPHONEOS_DEPLOYMENT_TARGET = 13.6;
				LD_RUNPATH_SEARCH_PATHS = (
					"$(inherited)",
					"@executable_path/Frameworks",
				);
				PRODUCT_BUNDLE_IDENTIFIER = io.github.rphlfc.DailyUIDay1RegForm;
				PRODUCT_NAME = "$(TARGET_NAME)";
				SWIFT_VERSION = 5.0;
				TARGETED_DEVICE_FAMILY = "1,2";
			};
			name = Debug;
		};
		64E07BBD250DA14600C9C964 /* Release */ = {
			isa = XCBuildConfiguration;
			buildSettings = {
				ASSETCATALOG_COMPILER_APPICON_NAME = AppIcon;
				ASSETCATALOG_COMPILER_GLOBAL_ACCENT_COLOR_NAME = AccentColor;
				CODE_SIGN_STYLE = Automatic;
				DEVELOPMENT_ASSET_PATHS = "\"DailyUIDay1RegForm/Preview Content\"";
				ENABLE_PREVIEWS = YES;
				INFOPLIST_FILE = DailyUIDay1RegForm/Info.plist;
				IPHONEOS_DEPLOYMENT_TARGET = 13.6;
				LD_RUNPATH_SEARCH_PATHS = (
					"$(inherited)",
					"@executable_path/Frameworks",
				);
				PRODUCT_BUNDLE_IDENTIFIER = io.github.rphlfc.DailyUIDay1RegForm;
				PRODUCT_NAME = "$(TARGET_NAME)";
				SWIFT_VERSION = 5.0;
				TARGETED_DEVICE_FAMILY = "1,2";
			};
			name = Release;
		};
/* End XCBuildConfiguration section */

/* Begin XCConfigurationList section */
		64E07BA2250DA14400C9C964 /* Build configuration list for PBXProject "DailyUIDay1RegForm" */ = {
			isa = XCConfigurationList;
			buildConfigurations = (
				64E07BB9250DA14600C9C964 /* Debug */,
				64E07BBA250DA14600C9C964 /* Release */,
			);
			defaultConfigurationIsVisible = 0;
			defaultConfigurationName = Release;
		};
		64E07BBB250DA14600C9C964 /* Build configuration list for PBXNativeTarget "DailyUIDay1RegForm" */ = {
			isa = XCConfigurationList;
			buildConfigurations = (
				64E07BBC250DA14600C9C964 /* Debug */,
				64E07BBD250DA14600C9C964 /* Release */,
			);
			defaultConfigurationIsVisible = 0;
			defaultConfigurationName = Release;
		};
/* End XCConfigurationList section */
	};
	rootObject = 64E07B9F250DA14400C9C964 /* Project object */;
}
